
Microsoft Visual Studio Solution File, Format Version 12.00
# Visual Studio Version 17
VisualStudioVersion = 17.11.35303.130
MinimumVisualStudioVersion = 10.0.40219.1
Project("{FAE04EC0-301F-11D3-BF4B-00C04F79EFBC}") = "InSchool", "InSchool\InSchool.csproj", "{24D21F9C-8DBC-4564-BEC8-D631165C8224}"
EndProject
Global
	GlobalSection(SolutionConfigurationPlatforms) = preSolution
		Debug|Any CPU = Debug|Any CPU
		Release|Any CPU = Release|Any CPU
	EndGlobalSection
	GlobalSection(ProjectConfigurationPlatforms) = postSolution
		{24D21F9C-8DBC-4564-BEC8-D631165C8224}.Debug|Any CPU.ActiveCfg = Debug|Any CPU
		{24D21F9C-8DBC-4564-BEC8-D631165C8224}.Debug|Any CPU.Build.0 = Debug|Any CPU
		{24D21F9C-8DBC-4564-BEC8-D631165C8224}.Release|Any CPU.ActiveCfg = Release|Any CPU
		{24D21F9C-8DBC-4564-BEC8-D631165C8224}.Release|Any CPU.Build.0 = Release|Any CPU
	EndGlobalSection
	GlobalSection(SolutionProperties) = preSolution
		HideSolutionNode = FALSE
	EndGlobalSection
	GlobalSection(ExtensibilityGlobals) = postSolution
		SolutionGuid = {91A6219F-2009-4ED7-8944-97E8ED883A27}
	EndGlobalSection
EndGlobal
